
Microsoft Visual Studio Solution File, Format Version 12.00
Project("{FAE04EC0-301F-11D3-BF4B-00C04F79EFBC}") = "zadanie_7", "zadanie_7\zadanie_7.csproj", "{C36080AD-344B-4F6E-B1C5-1F3F9E3D1E58}"
EndProject
Global
	GlobalSection(SolutionConfigurationPlatforms) = preSolution
		Debug|Any CPU = Debug|Any CPU
		Release|Any CPU = Release|Any CPU
	EndGlobalSection
	GlobalSection(ProjectConfigurationPlatforms) = postSolution
		{C36080AD-344B-4F6E-B1C5-1F3F9E3D1E58}.Debug|Any CPU.ActiveCfg = Debug|Any CPU
		{C36080AD-344B-4F6E-B1C5-1F3F9E3D1E58}.Debug|Any CPU.Build.0 = Debug|Any CPU
		{C36080AD-344B-4F6E-B1C5-1F3F9E3D1E58}.Release|Any CPU.ActiveCfg = Release|Any CPU
		{C36080AD-344B-4F6E-B1C5-1F3F9E3D1E58}.Release|Any CPU.Build.0 = Release|Any CPU
	EndGlobalSection
EndGlobal
